
Microsoft Visual Studio Solution File, Format Version 12.00
# Visual Studio Version 16
VisualStudioVersion = 16.0.28917.182
MinimumVisualStudioVersion = 10.0.40219.1
Project("{8BC9CEB8-8B4A-11D0-8D11-00A0C91BC942}") = "UIDGenerator", "UIDGenerator\UIDGenerator.vcxproj", "{3A6A0A77-B204-4253-9E11-58B7E087F4EF}"
EndProject
Global
	GlobalSection(SolutionConfigurationPlatforms) = preSolution
		Debug|x64 = Debug|x64
		Debug|x86 = Debug|x86
		Release|x64 = Release|x64
		Release|x86 = Release|x86
	EndGlobalSection
	GlobalSection(ProjectConfigurationPlatforms) = postSolution
		{3A6A0A77-B204-4253-9E11-58B7E087F4EF}.Debug|x64.ActiveCfg = Debug|x64
		{3A6A0A77-B204-4253-9E11-58B7E087F4EF}.Debug|x64.Build.0 = Debug|x64
		{3A6A0A77-B204-4253-9E11-58B7E087F4EF}.Debug|x86.ActiveCfg = Debug|Win32
		{3A6A0A77-B204-4253-9E11-58B7E087F4EF}.Debug|x86.Build.0 = Debug|Win32
		{3A6A0A77-B204-4253-9E11-58B7E087F4EF}.Release|x64.ActiveCfg = Release|x64
		{3A6A0A77-B204-4253-9E11-58B7E087F4EF}.Release|x64.Build.0 = Release|x64
		{3A6A0A77-B204-4253-9E11-58B7E087F4EF}.Release|x86.ActiveCfg = Release|Win32
		{3A6A0A77-B204-4253-9E11-58B7E087F4EF}.Release|x86.Build.0 = Release|Win32
	EndGlobalSection
	GlobalSection(SolutionProperties) = preSolution
		HideSolutionNode = FALSE
	EndGlobalSection
	GlobalSection(ExtensibilityGlobals) = postSolution
		SolutionGuid = {F754C705-10CF-4CED-BCDA-EA13A8D0D186}
	EndGlobalSection
EndGlobal
